
Microsoft Visual Studio Solution File, Format Version 12.00
# Visual Studio Version 17
VisualStudioVersion = 17.14.36811.4 d17.14
MinimumVisualStudioVersion = 10.0.40219.1
Project("{FAE04EC0-301F-11D3-BF4B-00C04F79EFBC}") = "ControleContatos", "ControleContatos\ControleContatos.csproj", "{DFC65057-2BAE-44A8-8385-9B497C402464}"
EndProject
Global
	GlobalSection(SolutionConfigurationPlatforms) = preSolution
		Debug|Any CPU = Debug|Any CPU
		Release|Any CPU = Release|Any CPU
	EndGlobalSection
	GlobalSection(ProjectConfigurationPlatforms) = postSolution
		{DFC65057-2BAE-44A8-8385-9B497C402464}.Debug|Any CPU.ActiveCfg = Debug|Any CPU
		{DFC65057-2BAE-44A8-8385-9B497C402464}.Debug|Any CPU.Build.0 = Debug|Any CPU
		{DFC65057-2BAE-44A8-8385-9B497C402464}.Release|Any CPU.ActiveCfg = Release|Any CPU
		{DFC65057-2BAE-44A8-8385-9B497C402464}.Release|Any CPU.Build.0 = Release|Any CPU
	EndGlobalSection
	GlobalSection(SolutionProperties) = preSolution
		HideSolutionNode = FALSE
	EndGlobalSection
	GlobalSection(ExtensibilityGlobals) = postSolution
		SolutionGuid = {7DB95990-2403-4250-BF29-20DBDFA491FA}
	EndGlobalSection
EndGlobal
